{
  "name": "FrontendWeb",
  "lockfileVersion": 3,
  "requires": true,
  "packages": {
    "": {
      "dependencies": {
        "keycloak-angular": "^20.0.0",
        "keycloak-js": "^26.2.0"
      }
    },
    "node_modules/@angular/common": {
      "version": "20.0.5",
      "resolved": "https://registry.npmjs.org/@angular/common/-/common-20.0.5.tgz",
      "integrity": "sha512-R7SQaOVYjVnrGHOq2RnuPn0pGofGVTDgy5EoHzF8ulb5MG/d7GFwCaMgfAbp3/Cw1CJzP2ZB54O8x9SMuqExyg==",
      "license": "MIT",
      "peer": true,
      "dependencies": {
        "tslib": "^2.3.0"
      },
      "engines": {
        "node": "^20.19.0 || ^22.12.0 || >=24.0.0"
      },
      "peerDependencies": {
        "@angular/core": "20.0.5",
        "rxjs": "^6.5.3 || ^7.4.0"
      }
    },
    "node_modules/@angular/core": {
      "version": "20.0.5",
      "resolved": "https://registry.npmjs.org/@angular/core/-/core-20.0.5.tgz",
      "integrity": "sha512-r7YQXZvKPAMUXeo3psKTZxyYJrwidTwDPrzxMX3EGqZxv0eDnMPWCxH2y0O2X4BT0Nm1iAqx3zhGrSFc0vD60Q==",
      "license": "MIT",
      "peer": true,
      "dependencies": {
        "tslib": "^2.3.0"
      },
      "engines": {
        "node": "^20.19.0 || ^22.12.0 || >=24.0.0"
      },
      "peerDependencies": {
        "@angular/compiler": "20.0.5",
        "rxjs": "^6.5.3 || ^7.4.0",
        "zone.js": "~0.15.0"
      },
      "peerDependenciesMeta": {
        "@angular/compiler": {
          "optional": true
        },
        "zone.js": {
          "optional": true
        }
      }
    },
    "node_modules/@angular/platform-browser": {
      "version": "20.0.5",
      "resolved": "https://registry.npmjs.org/@angular/platform-browser/-/platform-browser-20.0.5.tgz",
      "integrity": "sha512-gE3C5/ZAXdAlBFvvX/crboIy5skbV5mtxRoEULwf7xF9WJLlYzY3w+PCRHV6/Z21UJ3ikCcbaaowBx378FYhQg==",
      "license": "MIT",
      "peer": true,
      "dependencies": {
        "tslib": "^2.3.0"
      },
      "engines": {
        "node": "^20.19.0 || ^22.12.0 || >=24.0.0"
      },
      "peerDependencies": {
        "@angular/animations": "20.0.5",
        "@angular/common": "20.0.5",
        "@angular/core": "20.0.5"
      },
      "peerDependenciesMeta": {
        "@angular/animations": {
          "optional": true
        }
      }
    },
    "node_modules/@angular/router": {
      "version": "20.0.5",
      "resolved": "https://registry.npmjs.org/@angular/router/-/router-20.0.5.tgz",
      "integrity": "sha512-GqBxrjov6p6riqDmn+hD2FWk5JSXR638/UhWCZe+XORoOmV/gWgND1HaHPa7f/UvM422yrPEkIsFNMr7bwLmkA==",
      "license": "MIT",
      "peer": true,
      "dependencies": {
        "tslib": "^2.3.0"
      },
      "engines": {
        "node": "^20.19.0 || ^22.12.0 || >=24.0.0"
      },
      "peerDependencies": {
        "@angular/common": "20.0.5",
        "@angular/core": "20.0.5",
        "@angular/platform-browser": "20.0.5",
        "rxjs": "^6.5.3 || ^7.4.0"
      }
    },
    "node_modules/keycloak-angular": {
      "version": "20.0.0",
      "resolved": "https://registry.npmjs.org/keycloak-angular/-/keycloak-angular-20.0.0.tgz",
      "integrity": "sha512-p9ThVUN8TNz15M2dd11VRDdHzgEDRSSxvyRGtK4N45lTbfs52DeNK+YXcpgt8ZX0/YN27GjU9GjiB4odI4/A2Q==",
      "license": "MIT",
      "dependencies": {
        "tslib": "^2.3.1"
      },
      "peerDependencies": {
        "@angular/common": "^20",
        "@angular/core": "^20",
        "@angular/router": "^20",
        "keycloak-js": "^18 || ^19 || ^20 || ^21 || ^22 || ^23 || ^24 || ^25 || ^26",
        "rxjs": "^7"
      }
    },
    "node_modules/keycloak-js": {
      "version": "26.2.0",
      "resolved": "https://registry.npmjs.org/keycloak-js/-/keycloak-js-26.2.0.tgz",
      "integrity": "sha512-CrFcXTN+d6J0V/1v3Zpioys6qHNWE6yUzVVIsCUAmFn9H14GZ0vuYod+lt+SSpMgWGPuneDZBSGBAeLBFuqjsw==",
      "license": "Apache-2.0"
    },
    "node_modules/rxjs": {
      "version": "7.8.2",
      "resolved": "https://registry.npmjs.org/rxjs/-/rxjs-7.8.2.tgz",
      "integrity": "sha512-dhKf903U/PQZY6boNNtAGdWbG85WAbjT/1xYoZIC7FAY0yWapOBQVsVrDl58W86//e1VpMNBtRV4MaXfdMySFA==",
      "license": "Apache-2.0",
      "peer": true,
      "dependencies": {
        "tslib": "^2.1.0"
      }
    },
    "node_modules/tslib": {
      "version": "2.8.1",
      "resolved": "https://registry.npmjs.org/tslib/-/tslib-2.8.1.tgz",
      "integrity": "sha512-oJFu94HQb+KVduSUQL7wnpmqnfmLsOA/nAh6b6EH0wCEoK0/mPeXU6c3wKDV83MkOuHPRHtSXKKU99IBazS/2w==",
      "license": "0BSD"
    }
  }
}
